// !$*UTF8*$!
{
	archiveVersion = 1;
	classes = {
	};
	objectVersion = 46;
	objects = {

/* Begin PBXBuildFile section */
		C97EA5C51E7226CA00213C49 /* CompleteTaskViewController.swift in Sources */ = {isa = PBXBuildFile; fileRef = C97EA5C41E7226CA00213C49 /* CompleteTaskViewController.swift */; };
		C9B15ABC1E6CE90100F79783 /* AppDelegate.swift in Sources */ = {isa = PBXBuildFile; fileRef = C9B15ABB1E6CE90100F79783 /* AppDelegate.swift */; };
		C9B15ABE1E6CE90100F79783 /* TasksViewController.swift in Sources */ = {isa = PBXBuildFile; fileRef = C9B15ABD1E6CE90100F79783 /* TasksViewController.swift */; };
		C9B15AC11E6CE90100F79783 /* Main.storyboard in Resources */ = {isa = PBXBuildFile; fileRef = C9B15ABF1E6CE90100F79783 /* Main.storyboard */; };
		C9B15AC41E6CE90100F79783 /* DoIt.xcdatamodeld in Sources */ = {isa = PBXBuildFile; fileRef = C9B15AC21E6CE90100F79783 /* DoIt.xcdatamodeld */; };
		C9B15AC61E6CE90100F79783 /* Assets.xcassets in Resources */ = {isa = PBXBuildFile; fileRef = C9B15AC51E6CE90100F79783 /* Assets.xcassets */; };
		C9B15AC91E6CE90100F79783 /* LaunchScreen.storyboard in Resources */ = {isa = PBXBuildFile; fileRef = C9B15AC71E6CE90100F79783 /* LaunchScreen.storyboard */; };
		C9B15AD11E6CEB5C00F79783 /* Task.swift in Sources */ = {isa = PBXBuildFile; fileRef = C9B15AD01E6CEB5C00F79783 /* Task.swift */; };
		C9B15AD31E6CF13200F79783 /* CreateTaskViewController.swift in Sources */ = {isa = PBXBuildFile; fileRef = C9B15AD21E6CF13200F79783 /* CreateTaskViewController.swift */; };
/* End PBXBuildFile section */

/* Begin PBXFileReference section */
		C97EA5C41E7226CA00213C49 /* CompleteTaskViewController.swift */ = {isa = PBXFileReference; fileEncoding = 4; lastKnownFileType = sourcecode.swift; path = CompleteTaskViewController.swift; sourceTree = "<group>"; };
		C9B15AB81E6CE90100F79783 /* DoIt.app */ = {isa = PBXFileReference; explicitFileType = wrapper.application; includeInIndex = 0; path = DoIt.app; sourceTree = BUILT_PRODUCTS_DIR; };
		C9B15ABB1E6CE90100F79783 /* AppDelegate.swift */ = {isa = PBXFileReference; lastKnownFileType = sourcecode.swift; path = AppDelegate.swift; sourceTree = "<group>"; };
		C9B15ABD1E6CE90100F79783 /* TasksViewController.swift */ = {isa = PBXFileReference; lastKnownFileType = sourcecode.swift; path = TasksViewController.swift; sourceTree = "<group>"; };
		C9B15AC01E6CE90100F79783 /* Base */ = {isa = PBXFileReference; lastKnownFileType = file.storyboard; name = Base; path = Base.lproj/Main.storyboard; sourceTree = "<group>"; };
		C9B15AC31E6CE90100F79783 /* DoIt.xcdatamodel */ = {isa = PBXFileReference; lastKnownFileType = wrapper.xcdatamodel; path = DoIt.xcdatamodel; sourceTree = "<group>"; };
		C9B15AC51E6CE90100F79783 /* Assets.xcassets */ = {isa = PBXFileReference; lastKnownFileType = folder.assetcatalog; path = Assets.xcassets; sourceTree = "<group>"; };
		C9B15AC81E6CE90100F79783 /* Base */ = {isa = PBXFileReference; lastKnownFileType = file.storyboard; name = Base; path = Base.lproj/LaunchScreen.storyboard; sourceTree = "<group>"; };
		C9B15ACA1E6CE90100F79783 /* Info.plist */ = {isa = PBXFileReference; lastKnownFileType = text.plist.xml; path = Info.plist; sourceTree = "<group>"; };
		C9B15AD01E6CEB5C00F79783 /* Task.swift */ = {isa = PBXFileReference; fileEncoding = 4; lastKnownFileType = sourcecode.swift; path = Task.swift; sourceTree = "<group>"; };
		C9B15AD21E6CF13200F79783 /* CreateTaskViewController.swift */ = {isa = PBXFileReference; fileEncoding = 4; lastKnownFileType = sourcecode.swift; path = CreateTaskViewController.swift; sourceTree = "<group>"; };
/* End PBXFileReference section */

/* Begin PBXFrameworksBuildPhase section */
		C9B15AB51E6CE90100F79783 /* Frameworks */ = {
			isa = PBXFrameworksBuildPhase;
			buildActionMask = 2147483647;
			files = (
			);
			runOnlyForDeploymentPostprocessing = 0;
		};
/* End PBXFrameworksBuildPhase section */

/* Begin PBXGroup section */
		C9B15AAF1E6CE90100F79783 = {
			isa = PBXGroup;
			children = (
				C9B15ABA1E6CE90100F79783 /* DoIt */,
				C9B15AB91E6CE90100F79783 /* Products */,
			);
			sourceTree = "<group>";
		};
		C9B15AB91E6CE90100F79783 /* Products */ = {
			isa = PBXGroup;
			children = (
				C9B15AB81E6CE90100F79783 /* DoIt.app */,
			);
			name = Products;
			sourceTree = "<group>";
		};
		C9B15ABA1E6CE90100F79783 /* DoIt */ = {
			isa = PBXGroup;
			children = (
				C9B15ABB1E6CE90100F79783 /* AppDelegate.swift */,
				C9B15ABD1E6CE90100F79783 /* TasksViewController.swift */,
				C97EA5C41E7226CA00213C49 /* CompleteTaskViewController.swift */,
				C9B15AD21E6CF13200F79783 /* CreateTaskViewController.swift */,
				C9B15AD01E6CEB5C00F79783 /* Task.swift */,
				C9B15ABF1E6CE90100F79783 /* Main.storyboard */,
				C9B15AC51E6CE90100F79783 /* Assets.xcassets */,
				C9B15AC71E6CE90100F79783 /* LaunchScreen.storyboard */,
				C9B15ACA1E6CE90100F79783 /* Info.plist */,
				C9B15AC21E6CE90100F79783 /* DoIt.xcdatamodeld */,
			);
			path = DoIt;
			sourceTree = "<group>";
		};
/* End PBXGroup section */

/* Begin PBXNativeTarget section */
		C9B15AB71E6CE90100F79783 /* DoIt */ = {
			isa = PBXNativeTarget;
			buildConfigurationList = C9B15ACD1E6CE90100F79783 /* Build configuration list for PBXNativeTarget "DoIt" */;
			buildPhases = (
				C9B15AB41E6CE90100F79783 /* Sources */,
				C9B15AB51E6CE90100F79783 /* Frameworks */,
				C9B15AB61E6CE90100F79783 /* Resources */,
			);
			buildRules = (
			);
			dependencies = (
			);
			name = DoIt;
			productName = DoIt;
			productReference = C9B15AB81E6CE90100F79783 /* DoIt.app */;
			productType = "com.apple.product-type.application";
		};
/* End PBXNativeTarget section */

/* Begin PBXProject section */
		C9B15AB01E6CE90100F79783 /* Project object */ = {
			isa = PBXProject;
			attributes = {
				LastSwiftUpdateCheck = 0820;
				LastUpgradeCheck = 0820;
				ORGANIZATIONNAME = "Mitch Guzman";
				TargetAttributes = {
					C9B15AB71E6CE90100F79783 = {
						CreatedOnToolsVersion = 8.2;
						ProvisioningStyle = Automatic;
					};
				};
			};
			buildConfigurationList = C9B15AB31E6CE90100F79783 /* Build configuration list for PBXProject "DoIt" */;
			compatibilityVersion = "Xcode 3.2";
			developmentRegion = English;
			hasScannedForEncodings = 0;
			knownRegions = (
				en,
				Base,
			);
			mainGroup = C9B15AAF1E6CE90100F79783;
			productRefGroup = C9B15AB91E6CE90100F79783 /* Products */;
			projectDirPath = "";
			projectRoot = "";
			targets = (
				C9B15AB71E6CE90100F79783 /* DoIt */,
			);
		};
/* End PBXProject section */

/* Begin PBXResourcesBuildPhase section */
		C9B15AB61E6CE90100F79783 /* Resources */ = {
			isa = PBXResourcesBuildPhase;
			buildActionMask = 2147483647;
			files = (
				C9B15AC91E6CE90100F79783 /* LaunchScreen.storyboard in Resources */,
				C9B15AC61E6CE90100F79783 /* Assets.xcassets in Resources */,
				C9B15AC11E6CE90100F79783 /* Main.storyboard in Resources */,
			);
			runOnlyForDeploymentPostprocessing = 0;
		};
/* End PBXResourcesBuildPhase section */

/* Begin PBXSourcesBuildPhase section */
		C9B15AB41E6CE90100F79783 /* Sources */ = {
			isa = PBXSourcesBuildPhase;
			buildActionMask = 2147483647;
			files = (
				C9B15AD11E6CEB5C00F79783 /* Task.swift in Sources */,
				C9B15AC41E6CE90100F79783 /* DoIt.xcdatamodeld in Sources */,
				C97EA5C51E7226CA00213C49 /* CompleteTaskViewController.swift in Sources */,
				C9B15ABE1E6CE90100F79783 /* TasksViewController.swift in Sources */,
				C9B15ABC1E6CE90100F79783 /* AppDelegate.swift in Sources */,
				C9B15AD31E6CF13200F79783 /* CreateTaskViewController.swift in Sources */,
			);
			runOnlyForDeploymentPostprocessing = 0;
		};
/* End PBXSourcesBuildPhase section */

/* Begin PBXVariantGroup section */
		C9B15ABF1E6CE90100F79783 /* Main.storyboard */ = {
			isa = PBXVariantGroup;
			children = (
				C9B15AC01E6CE90100F79783 /* Base */,
			);
			name = Main.storyboard;
			sourceTree = "<group>";
		};
		C9B15AC71E6CE90100F79783 /* LaunchScreen.storyboard */ = {
			isa = PBXVariantGroup;
			children = (
				C9B15AC81E6CE90100F79783 /* Base */,
			);
			name = LaunchScreen.storyboard;
			sourceTree = "<group>";
		};
/* End PBXVariantGroup section */

/* Begin XCBuildConfiguration section */
		C9B15ACB1E6CE90100F79783 /* Debug */ = {
			isa = XCBuildConfiguration;
			buildSettings = {
				ALWAYS_SEARCH_USER_PATHS = NO;
				CLANG_ANALYZER_NONNULL = YES;
				CLANG_CXX_LANGUAGE_STANDARD = "gnu++0x";
				CLANG_CXX_LIBRARY = "libc++";
				CLANG_ENABLE_MODULES = YES;
				CLANG_ENABLE_OBJC_ARC = YES;
				CLANG_WARN_BOOL_CONVERSION = YES;
				CLANG_WARN_CONSTANT_CONVERSION = YES;
				CLANG_WARN_DIRECT_OBJC_ISA_USAGE = YES_ERROR;
				CLANG_WARN_DOCUMENTATION_COMMENTS = YES;
				CLANG_WARN_EMPTY_BODY = YES;
				CLANG_WARN_ENUM_CONVERSION = YES;
				CLANG_WARN_INFINITE_RECURSION = YES;
				CLANG_WARN_INT_CONVERSION = YES;
				CLANG_WARN_OBJC_ROOT_CLASS = YES_ERROR;
				CLANG_WARN_SUSPICIOUS_MOVE = YES;
				CLANG_WARN_UNREACHABLE_CODE = YES;
				CLANG_WARN__DUPLICATE_METHOD_MATCH = YES;
				"CODE_SIGN_IDENTITY[sdk=iphoneos*]" = "iPhone Developer";
				COPY_PHASE_STRIP = NO;
				DEBUG_INFORMATION_FORMAT = dwarf;
				ENABLE_STRICT_OBJC_MSGSEND = YES;
				ENABLE_TESTABILITY = YES;
				GCC_C_LANGUAGE_STANDARD = gnu99;
				GCC_DYNAMIC_NO_PIC = NO;
				GCC_NO_COMMON_BLOCKS = YES;
				GCC_OPTIMIZATION_LEVEL = 0;
				GCC_PREPROCESSOR_DEFINITIONS = (
					"DEBUG=1",
					"$(inherited)",
				);
				GCC_WARN_64_TO_32_BIT_CONVERSION = YES;
				GCC_WARN_ABOUT_RETURN_TYPE = YES_ERROR;
				GCC_WARN_UNDECLARED_SELECTOR = YES;
				GCC_WARN_UNINITIALIZED_AUTOS = YES_AGGRESSIVE;
				GCC_WARN_UNUSED_FUNCTION = YES;
				GCC_WARN_UNUSED_VARIABLE = YES;
				IPHONEOS_DEPLOYMENT_TARGET = 10.2;
				MTL_ENABLE_DEBUG_INFO = YES;
				ONLY_ACTIVE_ARCH = YES;
				SDKROOT = iphoneos;
				SWIFT_ACTIVE_COMPILATION_CONDITIONS = DEBUG;
				SWIFT_OPTIMIZATION_LEVEL = "-Onone";
				TARGETED_DEVICE_FAMILY = "1,2";
			};
			name = Debug;
		};
		C9B15ACC1E6CE90100F79783 /* Release */ = {
			isa = XCBuildConfiguration;
			buildSettings = {
				ALWAYS_SEARCH_USER_PATHS = NO;
				CLANG_ANALYZER_NONNULL = YES;
				CLANG_CXX_LANGUAGE_STANDARD = "gnu++0x";
				CLANG_CXX_LIBRARY = "libc++";
				CLANG_ENABLE_MODULES = YES;
				CLANG_ENABLE_OBJC_ARC = YES;
				CLANG_WARN_BOOL_CONVERSION = YES;
				CLANG_WARN_CONSTANT_CONVERSION = YES;
				CLANG_WARN_DIRECT_OBJC_ISA_USAGE = YES_ERROR;
				CLANG_WARN_DOCUMENTATION_COMMENTS = YES;
				CLANG_WARN_EMPTY_BODY = YES;
				CLANG_WARN_ENUM_CONVERSION = YES;
				CLANG_WARN_INFINITE_RECURSION = YES;
				CLANG_WARN_INT_CONVERSION = YES;
				CLANG_WARN_OBJC_ROOT_CLASS = YES_ERROR;
				CLANG_WARN_SUSPICIOUS_MOVE = YES;
				CLANG_WARN_UNREACHABLE_CODE = YES;
				CLANG_WARN__DUPLICATE_METHOD_MATCH = YES;
				"CODE_SIGN_IDENTITY[sdk=iphoneos*]" = "iPhone Developer";
				COPY_PHASE_STRIP = NO;
				DEBUG_INFORMATION_FORMAT = "dwarf-with-dsym";
				ENABLE_NS_ASSERTIONS = NO;
				ENABLE_STRICT_OBJC_MSGSEND = YES;
				GCC_C_LANGUAGE_STANDARD = gnu99;
				GCC_NO_COMMON_BLOCKS = YES;
				GCC_WARN_64_TO_32_BIT_CONVERSION = YES;
				GCC_WARN_ABOUT_RETURN_TYPE = YES_ERROR;
				GCC_WARN_UNDECLARED_SELECTOR = YES;
				GCC_WARN_UNINITIALIZED_AUTOS = YES_AGGRESSIVE;
				GCC_WARN_UNUSED_FUNCTION = YES;
				GCC_WARN_UNUSED_VARIABLE = YES;
				IPHONEOS_DEPLOYMENT_TARGET = 10.2;
				MTL_ENABLE_DEBUG_INFO = NO;
				SDKROOT = iphoneos;
				SWIFT_OPTIMIZATION_LEVEL = "-Owholemodule";
				TARGETED_DEVICE_FAMILY = "1,2";
				VALIDATE_PRODUCT = YES;
			};
			name = Release;
		};
		C9B15ACE1E6CE90100F79783 /* Debug */ = {
			isa = XCBuildConfiguration;
			buildSettings = {
				ASSETCATALOG_COMPILER_APPICON_NAME = AppIcon;
				INFOPLIST_FILE = DoIt/Info.plist;
				LD_RUNPATH_SEARCH_PATHS = "$(inherited) @executable_path/Frameworks";
				PRODUCT_BUNDLE_IDENTIFIER = "mgwiggle-apps.DoIt";
				PRODUCT_NAME = "$(TARGET_NAME)";
				SWIFT_VERSION = 3.0;
			};
			name = Debug;
		};
		C9B15ACF1E6CE90100F79783 /* Release */ = {
			isa = XCBuildConfiguration;
			buildSettings = {
				ASSETCATALOG_COMPILER_APPICON_NAME = AppIcon;
				INFOPLIST_FILE = DoIt/Info.plist;
				LD_RUNPATH_SEARCH_PATHS = "$(inherited) @executable_path/Frameworks";
				PRODUCT_BUNDLE_IDENTIFIER = "mgwiggle-apps.DoIt";
				PRODUCT_NAME = "$(TARGET_NAME)";
				SWIFT_VERSION = 3.0;
			};
			name = Release;
		};
/* End XCBuildConfiguration section */

/* Begin XCConfigurationList section */
		C9B15AB31E6CE90100F79783 /* Build configuration list for PBXProject "DoIt" */ = {
			isa = XCConfigurationList;
			buildConfigurations = (
				C9B15ACB1E6CE90100F79783 /* Debug */,
				C9B15ACC1E6CE90100F79783 /* Release */,
			);
			defaultConfigurationIsVisible = 0;
			defaultConfigurationName = Release;
		};
		C9B15ACD1E6CE90100F79783 /* Build configuration list for PBXNativeTarget "DoIt" */ = {
			isa = XCConfigurationList;
			buildConfigurations = (
				C9B15ACE1E6CE90100F79783 /* Debug */,
				C9B15ACF1E6CE90100F79783 /* Release */,
			);
			defaultConfigurationIsVisible = 0;
			defaultConfigurationName = Release;
		};
/* End XCConfigurationList section */

/* Begin XCVersionGroup section */
		C9B15AC21E6CE90100F79783 /* DoIt.xcdatamodeld */ = {
			isa = XCVersionGroup;
			children = (
				C9B15AC31E6CE90100F79783 /* DoIt.xcdatamodel */,
			);
			currentVersion = C9B15AC31E6CE90100F79783 /* DoIt.xcdatamodel */;
			path = DoIt.xcdatamodeld;
			sourceTree = "<group>";
			versionGroupType = wrapper.xcdatamodel;
		};
/* End XCVersionGroup section */
	};
	rootObject = C9B15AB01E6CE90100F79783 /* Project object */;
}
